
Microsoft Visual Studio Solution File, Format Version 12.00
# Visual Studio 15
VisualStudioVersion = 15.0.28307.136
MinimumVisualStudioVersion = 10.0.40219.1
Project("{FAE04EC0-301F-11D3-BF4B-00C04F79EFBC}") = "Ehitusmaterjalidekauplus", "Ehitusmaterjalidekauplus\Ehitusmaterjalidekauplus.csproj", "{8F01D32B-325A-468F-882A-A26107FB1473}"
EndProject
Global
	GlobalSection(SolutionConfigurationPlatforms) = preSolution
		Debug|Any CPU = Debug|Any CPU
		Release|Any CPU = Release|Any CPU
	EndGlobalSection
	GlobalSection(ProjectConfigurationPlatforms) = postSolution
		{8F01D32B-325A-468F-882A-A26107FB1473}.Debug|Any CPU.ActiveCfg = Debug|Any CPU
		{8F01D32B-325A-468F-882A-A26107FB1473}.Debug|Any CPU.Build.0 = Debug|Any CPU
		{8F01D32B-325A-468F-882A-A26107FB1473}.Release|Any CPU.ActiveCfg = Release|Any CPU
		{8F01D32B-325A-468F-882A-A26107FB1473}.Release|Any CPU.Build.0 = Release|Any CPU
	EndGlobalSection
	GlobalSection(SolutionProperties) = preSolution
		HideSolutionNode = FALSE
	EndGlobalSection
	GlobalSection(ExtensibilityGlobals) = postSolution
		SolutionGuid = {51D1E623-FDC8-4959-A13F-F49F4F43A756}
	EndGlobalSection
EndGlobal
